<?xml version="1.0" encoding="UTF-8" standalone="yes" ?>
<CodeBlocks_project_file>
	<FileVersion major="1" minor="6" />
	<Project>
		<Option title="MyGame" />
		<Option pch_mode="2" />
		<Option compiler="gcc" />
		<Build>
			<Target title="Debug">
				<Option output="bin/Debug/MyGame" prefix_auto="1" extension_auto="1" />
				<Option object_output="obj/Debug/" />
				<Option type="1" />
				<Option compiler="gcc" />
				<Compiler>
					<Add option="-g" />
					<Add directory="include" />
				</Compiler>
				<Linker>
					<Add option="-lmingw32 -lSDL2main -lSDL2 -lSDL2_image -lSDL2_mixer" />
				</Linker>
			</Target>
			<Target title="Release">
				<Option output="bin/Release/MyGame" prefix_auto="1" extension_auto="1" />
				<Option object_output="obj/Release/" />
				<Option type="1" />
				<Option compiler="gcc" />
				<Compiler>
					<Add option="-O2" />
					<Add directory="include" />
				</Compiler>
				<Linker>
					<Add option="-s" />
				</Linker>
			</Target>
		</Build>
		<Compiler>
			<Add option="-Wall" />
			<Add option="-fexceptions" />
		</Compiler>
		<Unit filename="Apple.cpp" />
		<Unit filename="Apple.h" />
		<Unit filename="BananaPeel.cpp" />
		<Unit filename="BananaPeel.h" />
		<Unit filename="BaseCharacter.h" />
		<Unit filename="Bed.cpp" />
		<Unit filename="Bed.h" />
		<Unit filename="Button.cpp" />
		<Unit filename="Button.h" />
		<Unit filename="Chair.cpp" />
		<Unit filename="Chair.h" />
		<Unit filename="Character.cpp" />
		<Unit filename="Character.h" />
		<Unit filename="Cupboard.cpp" />
		<Unit filename="Cupboard.h" />
		<Unit filename="Doctor.cpp" />
		<Unit filename="Doctor.h" />
		<Unit filename="Door.cpp" />
		<Unit filename="Door.h" />
		<Unit filename="Game.cpp" />
		<Unit filename="Game.h" />
		<Unit filename="GameObject.cpp" />
		<Unit filename="GameObject.h" />
		<Unit filename="HallScreen.cpp" />
		<Unit filename="HallScreen.h" />
		<Unit filename="Health.cpp" />
		<Unit filename="Health.h" />
		<Unit filename="Injection.cpp" />
		<Unit filename="Injection.h" />
		<Unit filename="Inventory.cpp" />
		<Unit filename="Inventory.h" />
		<Unit filename="Key.cpp" />
		<Unit filename="Key.h" />
		<Unit filename="MenuScreen.cpp" />
		<Unit filename="MenuScreen.h" />
		<Unit filename="Nurse.cpp" />
		<Unit filename="Nurse.h" />
		<Unit filename="ObjectFactory.cpp" />
		<Unit filename="ObjectFactory.h" />
		<Unit filename="ObjectList.cpp" />
		<Unit filename="ObjectList.h" />
		<Unit filename="PauseScreen.cpp" />
		<Unit filename="PauseScreen.h" />
		<Unit filename="Player.cpp" />
		<Unit filename="Player.h" />
		<Unit filename="QuitScreen.cpp" />
		<Unit filename="QuitScreen.h" />
		<Unit filename="Room.cpp" />
		<Unit filename="Room.h" />
		<Unit filename="Scalpel.cpp" />
		<Unit filename="Scalpel.h" />
		<Unit filename="Scissor.h" />
		<Unit filename="Screen.h" />
		<Unit filename="SplashScreen.cpp" />
		<Unit filename="SplashScreen.h" />
		<Unit filename="Table.cpp" />
		<Unit filename="Table.h" />
		<Unit filename="TextManager.h" />
		<Unit filename="Weapon.cpp" />
		<Unit filename="Weapon.h" />
		<Unit filename="Word.cpp" />
		<Unit filename="Word.h" />
		<Unit filename="main.cpp" />
		<Extensions>
			<code_completion />
			<envvars />
			<debugger />
		</Extensions>
	</Project>
</CodeBlocks_project_file>
